
Microsoft Visual Studio Solution File, Format Version 12.00
# Visual Studio 15
VisualStudioVersion = 15.0.26430.6
MinimumVisualStudioVersion = 10.0.40219.1
Project("{FAE04EC0-301F-11D3-BF4B-00C04F79EFBC}") = "CollegeCourse", "CollegeCourses\CollegeCourse.csproj", "{D201973E-6CE8-4AED-8AAB-C663C4432475}"
EndProject
Project("{FAE04EC0-301F-11D3-BF4B-00C04F79EFBC}") = "CollegeCourse.UnitTest", "CollegeCourse.UnitTest\CollegeCourse.UnitTest.csproj", "{371A74AB-9A86-4DE0-8BFD-C6CD18517087}"
EndProject
Global
	GlobalSection(SolutionConfigurationPlatforms) = preSolution
		Debug|Any CPU = Debug|Any CPU
		Release|Any CPU = Release|Any CPU
	EndGlobalSection
	GlobalSection(ProjectConfigurationPlatforms) = postSolution
		{D201973E-6CE8-4AED-8AAB-C663C4432475}.Debug|Any CPU.ActiveCfg = Debug|Any CPU
		{D201973E-6CE8-4AED-8AAB-C663C4432475}.Debug|Any CPU.Build.0 = Debug|Any CPU
		{D201973E-6CE8-4AED-8AAB-C663C4432475}.Release|Any CPU.ActiveCfg = Release|Any CPU
		{D201973E-6CE8-4AED-8AAB-C663C4432475}.Release|Any CPU.Build.0 = Release|Any CPU
		{371A74AB-9A86-4DE0-8BFD-C6CD18517087}.Debug|Any CPU.ActiveCfg = Debug|Any CPU
		{371A74AB-9A86-4DE0-8BFD-C6CD18517087}.Debug|Any CPU.Build.0 = Debug|Any CPU
		{371A74AB-9A86-4DE0-8BFD-C6CD18517087}.Release|Any CPU.ActiveCfg = Release|Any CPU
		{371A74AB-9A86-4DE0-8BFD-C6CD18517087}.Release|Any CPU.Build.0 = Release|Any CPU
	EndGlobalSection
	GlobalSection(SolutionProperties) = preSolution
		HideSolutionNode = FALSE
	EndGlobalSection
EndGlobal
